
Microsoft Visual Studio Solution File, Format Version 12.00
# Visual Studio 15
VisualStudioVersion = 15.0.26124.0
MinimumVisualStudioVersion = 15.0.26124.0
Project("{2150E333-8FDC-42A3-9474-1A3956D46DE8}") = "src", "src", "{BBE2C764-9D99-4615-9FED-5E3793F3B1F7}"
EndProject
Project("{FAE04EC0-301F-11D3-BF4B-00C04F79EFBC}") = "RoomBookings", "src\RoomBookings\RoomBookings.csproj", "{D4F01287-1020-4932-BA72-661382FEF1D5}"
EndProject
Project("{FAE04EC0-301F-11D3-BF4B-00C04F79EFBC}") = "RoomBookings.API", "src\RoomBookings.API\RoomBookings.API.csproj", "{C9D662B4-7930-409C-AED6-F89915362841}"
EndProject
Project("{FAE04EC0-301F-11D3-BF4B-00C04F79EFBC}") = "RoomBookings.Data", "src\RoomBookings.Data\RoomBookings.Data.csproj", "{B6E7BEF2-33B7-4CAB-96E6-836AF9E7B5AB}"
EndProject
Project("{FAE04EC0-301F-11D3-BF4B-00C04F79EFBC}") = "RoomBookings.Web", "src\RoomBookings.Web\RoomBookings.Web.csproj", "{8D1B33D4-F352-48BC-B008-EF03AD18E11C}"
EndProject
Global
	GlobalSection(SolutionConfigurationPlatforms) = preSolution
		Debug|Any CPU = Debug|Any CPU
		Debug|x64 = Debug|x64
		Debug|x86 = Debug|x86
		Release|Any CPU = Release|Any CPU
		Release|x64 = Release|x64
		Release|x86 = Release|x86
	EndGlobalSection
	GlobalSection(SolutionProperties) = preSolution
		HideSolutionNode = FALSE
	EndGlobalSection
	GlobalSection(ProjectConfigurationPlatforms) = postSolution
		{D4F01287-1020-4932-BA72-661382FEF1D5}.Debug|Any CPU.ActiveCfg = Debug|Any CPU
		{D4F01287-1020-4932-BA72-661382FEF1D5}.Debug|Any CPU.Build.0 = Debug|Any CPU
		{D4F01287-1020-4932-BA72-661382FEF1D5}.Debug|x64.ActiveCfg = Debug|Any CPU
		{D4F01287-1020-4932-BA72-661382FEF1D5}.Debug|x64.Build.0 = Debug|Any CPU
		{D4F01287-1020-4932-BA72-661382FEF1D5}.Debug|x86.ActiveCfg = Debug|Any CPU
		{D4F01287-1020-4932-BA72-661382FEF1D5}.Debug|x86.Build.0 = Debug|Any CPU
		{D4F01287-1020-4932-BA72-661382FEF1D5}.Release|Any CPU.ActiveCfg = Release|Any CPU
		{D4F01287-1020-4932-BA72-661382FEF1D5}.Release|Any CPU.Build.0 = Release|Any CPU
		{D4F01287-1020-4932-BA72-661382FEF1D5}.Release|x64.ActiveCfg = Release|Any CPU
		{D4F01287-1020-4932-BA72-661382FEF1D5}.Release|x64.Build.0 = Release|Any CPU
		{D4F01287-1020-4932-BA72-661382FEF1D5}.Release|x86.ActiveCfg = Release|Any CPU
		{D4F01287-1020-4932-BA72-661382FEF1D5}.Release|x86.Build.0 = Release|Any CPU
		{C9D662B4-7930-409C-AED6-F89915362841}.Debug|Any CPU.ActiveCfg = Debug|Any CPU
		{C9D662B4-7930-409C-AED6-F89915362841}.Debug|Any CPU.Build.0 = Debug|Any CPU
		{C9D662B4-7930-409C-AED6-F89915362841}.Debug|x64.ActiveCfg = Debug|Any CPU
		{C9D662B4-7930-409C-AED6-F89915362841}.Debug|x64.Build.0 = Debug|Any CPU
		{C9D662B4-7930-409C-AED6-F89915362841}.Debug|x86.ActiveCfg = Debug|Any CPU
		{C9D662B4-7930-409C-AED6-F89915362841}.Debug|x86.Build.0 = Debug|Any CPU
		{C9D662B4-7930-409C-AED6-F89915362841}.Release|Any CPU.ActiveCfg = Release|Any CPU
		{C9D662B4-7930-409C-AED6-F89915362841}.Release|Any CPU.Build.0 = Release|Any CPU
		{C9D662B4-7930-409C-AED6-F89915362841}.Release|x64.ActiveCfg = Release|Any CPU
		{C9D662B4-7930-409C-AED6-F89915362841}.Release|x64.Build.0 = Release|Any CPU
		{C9D662B4-7930-409C-AED6-F89915362841}.Release|x86.ActiveCfg = Release|Any CPU
		{C9D662B4-7930-409C-AED6-F89915362841}.Release|x86.Build.0 = Release|Any CPU
		{B6E7BEF2-33B7-4CAB-96E6-836AF9E7B5AB}.Debug|Any CPU.ActiveCfg = Debug|Any CPU
		{B6E7BEF2-33B7-4CAB-96E6-836AF9E7B5AB}.Debug|Any CPU.Build.0 = Debug|Any CPU
		{B6E7BEF2-33B7-4CAB-96E6-836AF9E7B5AB}.Debug|x64.ActiveCfg = Debug|Any CPU
		{B6E7BEF2-33B7-4CAB-96E6-836AF9E7B5AB}.Debug|x64.Build.0 = Debug|Any CPU
		{B6E7BEF2-33B7-4CAB-96E6-836AF9E7B5AB}.Debug|x86.ActiveCfg = Debug|Any CPU
		{B6E7BEF2-33B7-4CAB-96E6-836AF9E7B5AB}.Debug|x86.Build.0 = Debug|Any CPU
		{B6E7BEF2-33B7-4CAB-96E6-836AF9E7B5AB}.Release|Any CPU.ActiveCfg = Release|Any CPU
		{B6E7BEF2-33B7-4CAB-96E6-836AF9E7B5AB}.Release|Any CPU.Build.0 = Release|Any CPU
		{B6E7BEF2-33B7-4CAB-96E6-836AF9E7B5AB}.Release|x64.ActiveCfg = Release|Any CPU
		{B6E7BEF2-33B7-4CAB-96E6-836AF9E7B5AB}.Release|x64.Build.0 = Release|Any CPU
		{B6E7BEF2-33B7-4CAB-96E6-836AF9E7B5AB}.Release|x86.ActiveCfg = Release|Any CPU
		{B6E7BEF2-33B7-4CAB-96E6-836AF9E7B5AB}.Release|x86.Build.0 = Release|Any CPU
		{8D1B33D4-F352-48BC-B008-EF03AD18E11C}.Debug|Any CPU.ActiveCfg = Debug|Any CPU
		{8D1B33D4-F352-48BC-B008-EF03AD18E11C}.Debug|Any CPU.Build.0 = Debug|Any CPU
		{8D1B33D4-F352-48BC-B008-EF03AD18E11C}.Debug|x64.ActiveCfg = Debug|Any CPU
		{8D1B33D4-F352-48BC-B008-EF03AD18E11C}.Debug|x64.Build.0 = Debug|Any CPU
		{8D1B33D4-F352-48BC-B008-EF03AD18E11C}.Debug|x86.ActiveCfg = Debug|Any CPU
		{8D1B33D4-F352-48BC-B008-EF03AD18E11C}.Debug|x86.Build.0 = Debug|Any CPU
		{8D1B33D4-F352-48BC-B008-EF03AD18E11C}.Release|Any CPU.ActiveCfg = Release|Any CPU
		{8D1B33D4-F352-48BC-B008-EF03AD18E11C}.Release|Any CPU.Build.0 = Release|Any CPU
		{8D1B33D4-F352-48BC-B008-EF03AD18E11C}.Release|x64.ActiveCfg = Release|Any CPU
		{8D1B33D4-F352-48BC-B008-EF03AD18E11C}.Release|x64.Build.0 = Release|Any CPU
		{8D1B33D4-F352-48BC-B008-EF03AD18E11C}.Release|x86.ActiveCfg = Release|Any CPU
		{8D1B33D4-F352-48BC-B008-EF03AD18E11C}.Release|x86.Build.0 = Release|Any CPU
	EndGlobalSection
	GlobalSection(NestedProjects) = preSolution
		{D4F01287-1020-4932-BA72-661382FEF1D5} = {BBE2C764-9D99-4615-9FED-5E3793F3B1F7}
		{C9D662B4-7930-409C-AED6-F89915362841} = {BBE2C764-9D99-4615-9FED-5E3793F3B1F7}
		{B6E7BEF2-33B7-4CAB-96E6-836AF9E7B5AB} = {BBE2C764-9D99-4615-9FED-5E3793F3B1F7}
		{8D1B33D4-F352-48BC-B008-EF03AD18E11C} = {BBE2C764-9D99-4615-9FED-5E3793F3B1F7}
	EndGlobalSection
EndGlobal
